
Microsoft Visual Studio Solution File, Format Version 12.00
# Visual Studio Version 16
VisualStudioVersion = 16.0.28803.452
MinimumVisualStudioVersion = 10.0.40219.1
Project("{FAE04EC0-301F-11D3-BF4B-00C04F79EFBC}") = "EasyHarmonica.WEB", "EasyHarmonica.WEB\EasyHarmonica.WEB.csproj", "{77299CE9-87D3-42AC-916D-FDFB9F139D8C}"
EndProject
Project("{FAE04EC0-301F-11D3-BF4B-00C04F79EFBC}") = "EasyHarmonica.DAL", "EasyHarmonica.DAL\EasyHarmonica.DAL.csproj", "{CF362E54-7A5C-43FA-BEBF-F6341D569041}"
EndProject
Project("{FAE04EC0-301F-11D3-BF4B-00C04F79EFBC}") = "EasyHarmonica.BLL", "EasyHarmonica.BLL\EasyHarmonica.BLL.csproj", "{C6E8A496-4FB3-4777-89DB-C83C09F0D291}"
EndProject
Project("{FAE04EC0-301F-11D3-BF4B-00C04F79EFBC}") = "EasyHarmonica.Common", "EasyHarmonica.Common\EasyHarmonica.Common.csproj", "{0C7510FF-A401-422A-9CFD-981040192021}"
EndProject
Global
	GlobalSection(SolutionConfigurationPlatforms) = preSolution
		Debug|Any CPU = Debug|Any CPU
		Release|Any CPU = Release|Any CPU
	EndGlobalSection
	GlobalSection(ProjectConfigurationPlatforms) = postSolution
		{77299CE9-87D3-42AC-916D-FDFB9F139D8C}.Debug|Any CPU.ActiveCfg = Debug|Any CPU
		{77299CE9-87D3-42AC-916D-FDFB9F139D8C}.Debug|Any CPU.Build.0 = Debug|Any CPU
		{77299CE9-87D3-42AC-916D-FDFB9F139D8C}.Release|Any CPU.ActiveCfg = Release|Any CPU
		{77299CE9-87D3-42AC-916D-FDFB9F139D8C}.Release|Any CPU.Build.0 = Release|Any CPU
		{CF362E54-7A5C-43FA-BEBF-F6341D569041}.Debug|Any CPU.ActiveCfg = Debug|Any CPU
		{CF362E54-7A5C-43FA-BEBF-F6341D569041}.Debug|Any CPU.Build.0 = Debug|Any CPU
		{CF362E54-7A5C-43FA-BEBF-F6341D569041}.Release|Any CPU.ActiveCfg = Release|Any CPU
		{CF362E54-7A5C-43FA-BEBF-F6341D569041}.Release|Any CPU.Build.0 = Release|Any CPU
		{C6E8A496-4FB3-4777-89DB-C83C09F0D291}.Debug|Any CPU.ActiveCfg = Debug|Any CPU
		{C6E8A496-4FB3-4777-89DB-C83C09F0D291}.Debug|Any CPU.Build.0 = Debug|Any CPU
		{C6E8A496-4FB3-4777-89DB-C83C09F0D291}.Release|Any CPU.ActiveCfg = Release|Any CPU
		{C6E8A496-4FB3-4777-89DB-C83C09F0D291}.Release|Any CPU.Build.0 = Release|Any CPU
		{0C7510FF-A401-422A-9CFD-981040192021}.Debug|Any CPU.ActiveCfg = Debug|Any CPU
		{0C7510FF-A401-422A-9CFD-981040192021}.Debug|Any CPU.Build.0 = Debug|Any CPU
		{0C7510FF-A401-422A-9CFD-981040192021}.Release|Any CPU.ActiveCfg = Release|Any CPU
		{0C7510FF-A401-422A-9CFD-981040192021}.Release|Any CPU.Build.0 = Release|Any CPU
	EndGlobalSection
	GlobalSection(SolutionProperties) = preSolution
		HideSolutionNode = FALSE
	EndGlobalSection
	GlobalSection(ExtensibilityGlobals) = postSolution
		SolutionGuid = {3D3BD0AB-0107-489F-B2BE-88B36B18B8CD}
	EndGlobalSection
EndGlobal
